
Microsoft Visual Studio Solution File, Format Version 12.00
# Visual Studio Version 16
VisualStudioVersion = 16.0.33214.272
MinimumVisualStudioVersion = 10.0.40219.1
Project("{FAE04EC0-301F-11D3-BF4B-00C04F79EFBC}") = "Mission6_tlew1219", "Mission6_tlew1219\Mission6_tlew1219.csproj", "{BF2C82CB-CF7E-45B8-953F-A117F109858D}"
EndProject
Global
	GlobalSection(SolutionConfigurationPlatforms) = preSolution
		Debug|Any CPU = Debug|Any CPU
		Release|Any CPU = Release|Any CPU
	EndGlobalSection
	GlobalSection(ProjectConfigurationPlatforms) = postSolution
		{BF2C82CB-CF7E-45B8-953F-A117F109858D}.Debug|Any CPU.ActiveCfg = Debug|Any CPU
		{BF2C82CB-CF7E-45B8-953F-A117F109858D}.Debug|Any CPU.Build.0 = Debug|Any CPU
		{BF2C82CB-CF7E-45B8-953F-A117F109858D}.Release|Any CPU.ActiveCfg = Release|Any CPU
		{BF2C82CB-CF7E-45B8-953F-A117F109858D}.Release|Any CPU.Build.0 = Release|Any CPU
	EndGlobalSection
	GlobalSection(SolutionProperties) = preSolution
		HideSolutionNode = FALSE
	EndGlobalSection
	GlobalSection(ExtensibilityGlobals) = postSolution
		SolutionGuid = {9C04A399-1A41-4A16-9CB7-47521BCD82A6}
	EndGlobalSection
EndGlobal
